#MicroXplorer Configuration settings - do not modify
Mcu.Family=STM32L4
Mcu.Name=STM32L433RCTx
Mcu.UserName=STM32L433RCTx
Mcu.Package=LQFP64
Mcu.Pin0=PA2
Mcu.Pin1=PA3
Mcu.Pin2=PA13
Mcu.Pin3=PA14
Mcu.PinsNb=4
RCC.IPParameters=HSIState,MSIClockRange,MSIState,PLLSource,SYSCLKSource,AHBCLKDivider,APB1CLKDivider,APB2CLKDivider
RCC.HSIState=RCC_HSI_ON
RCC.MSIState=RCC_MSI_OFF
RCC.SYSCLKSource=RCC_SYSCLKSOURCE_HSI
RCC.AHBCLKDivider=RCC_SYSCLK_DIV1
RCC.APB1CLKDivider=RCC_HCLK_DIV1
RCC.APB2CLKDivider=RCC_HCLK_DIV1
USART2.IPParameters=BaudRate,Mode,OverSampling,WordLength,Parity,StopBits
USART2.BaudRate=115200
USART2.OverSampling=UART_OVERSAMPLING_16
USART2.Mode=MODE_TX_RX
USART2.WordLength=UART_WORDLENGTH_8B
USART2.Parity=UART_PARITY_NONE
USART2.StopBits=UART_STOPBITS_1
PA2.Mode=Asynchronous
PA2.Signal=USART2_TX
PA3.Mode=Asynchronous
PA3.Signal=USART2_RX
PA13.Mode=Serial_Wire
PA13.Signal=SYS_JTMS-SWDIO
PA14.Mode=Serial_Wire
PA14.Signal=SYS_JTCK-SWCLK
ProjectManager.Toolchain=STM32CubeIDE
ProjectManager.ProjectName=STM32L433_Freemaster_USART2
ProjectManager.DeviceId=STM32L433RCTx
ProjectManager.Compiler=GCC
ProjectManager.Language=C
ProjectManager.ProjectFileName=STM32L433_Freemaster_USART2.ioc
ProjectManager.NoMain=0
ProjectManager.GenerateUnderRoot=1
